
Microsoft Visual Studio Solution File, Format Version 12.00
# Visual Studio Version 16
VisualStudioVersion = 16.0.30611.23
MinimumVisualStudioVersion = 10.0.40219.1
Project("{FAE04EC0-301F-11D3-BF4B-00C04F79EFBC}") = "text_bot", "TODO1\text_bot.csproj", "{F77AEE3D-8DA7-4498-901D-EDE2C5412819}"
EndProject
Global
	GlobalSection(SolutionConfigurationPlatforms) = preSolution
		Debug|Any CPU = Debug|Any CPU
		Release|Any CPU = Release|Any CPU
	EndGlobalSection
	GlobalSection(ProjectConfigurationPlatforms) = postSolution
		{F77AEE3D-8DA7-4498-901D-EDE2C5412819}.Debug|Any CPU.ActiveCfg = Debug|Any CPU
		{F77AEE3D-8DA7-4498-901D-EDE2C5412819}.Debug|Any CPU.Build.0 = Debug|Any CPU
		{F77AEE3D-8DA7-4498-901D-EDE2C5412819}.Release|Any CPU.ActiveCfg = Release|Any CPU
		{F77AEE3D-8DA7-4498-901D-EDE2C5412819}.Release|Any CPU.Build.0 = Release|Any CPU
	EndGlobalSection
	GlobalSection(SolutionProperties) = preSolution
		HideSolutionNode = FALSE
	EndGlobalSection
	GlobalSection(ExtensibilityGlobals) = postSolution
		SolutionGuid = {53ACB9DB-16D9-4B89-8902-F9A3B715549E}
	EndGlobalSection
EndGlobal
